
Microsoft Visual Studio Solution File, Format Version 12.00
# Visual Studio Version 16
VisualStudioVersion = 16.0.29806.167
MinimumVisualStudioVersion = 10.0.40219.1
Project("{FAE04EC0-301F-11D3-BF4B-00C04F79EFBC}") = "Tp1 - Gestionnaire de fichiers", "Tp1\Tp1 - Gestionnaire de fichiers.csproj", "{4E53D68F-8FA2-4532-AB2D-5AEE98F53CD0}"
EndProject
Project("{FAE04EC0-301F-11D3-BF4B-00C04F79EFBC}") = "TP2", "TP2\TP2.csproj", "{A67BCF91-4706-4282-858F-9D917894A14D}"
EndProject
Global
	GlobalSection(SolutionConfigurationPlatforms) = preSolution
		Debug|Any CPU = Debug|Any CPU
		Release|Any CPU = Release|Any CPU
	EndGlobalSection
	GlobalSection(ProjectConfigurationPlatforms) = postSolution
		{4E53D68F-8FA2-4532-AB2D-5AEE98F53CD0}.Debug|Any CPU.ActiveCfg = Debug|Any CPU
		{4E53D68F-8FA2-4532-AB2D-5AEE98F53CD0}.Debug|Any CPU.Build.0 = Debug|Any CPU
		{4E53D68F-8FA2-4532-AB2D-5AEE98F53CD0}.Release|Any CPU.ActiveCfg = Release|Any CPU
		{4E53D68F-8FA2-4532-AB2D-5AEE98F53CD0}.Release|Any CPU.Build.0 = Release|Any CPU
		{A67BCF91-4706-4282-858F-9D917894A14D}.Debug|Any CPU.ActiveCfg = Debug|Any CPU
		{A67BCF91-4706-4282-858F-9D917894A14D}.Debug|Any CPU.Build.0 = Debug|Any CPU
		{A67BCF91-4706-4282-858F-9D917894A14D}.Release|Any CPU.ActiveCfg = Release|Any CPU
		{A67BCF91-4706-4282-858F-9D917894A14D}.Release|Any CPU.Build.0 = Release|Any CPU
	EndGlobalSection
	GlobalSection(SolutionProperties) = preSolution
		HideSolutionNode = FALSE
	EndGlobalSection
	GlobalSection(ExtensibilityGlobals) = postSolution
		SolutionGuid = {0F8AA672-DADD-41C2-B066-683BE2EDF941}
	EndGlobalSection
EndGlobal
